
Microsoft Visual Studio Solution File, Format Version 12.00
# Visual Studio 15
VisualStudioVersion = 15.0.28307.1259
MinimumVisualStudioVersion = 10.0.40219.1
Project("{FAE04EC0-301F-11D3-BF4B-00C04F79EFBC}") = "Coursework V.1", "Coursework V.1\Coursework V.1.csproj", "{CA3F7694-EE42-40F4-950C-5ADA3FBEF72F}"
EndProject
Global
	GlobalSection(SolutionConfigurationPlatforms) = preSolution
		Debug|Any CPU = Debug|Any CPU
		Release|Any CPU = Release|Any CPU
	EndGlobalSection
	GlobalSection(ProjectConfigurationPlatforms) = postSolution
		{CA3F7694-EE42-40F4-950C-5ADA3FBEF72F}.Debug|Any CPU.ActiveCfg = Debug|Any CPU
		{CA3F7694-EE42-40F4-950C-5ADA3FBEF72F}.Debug|Any CPU.Build.0 = Debug|Any CPU
		{CA3F7694-EE42-40F4-950C-5ADA3FBEF72F}.Release|Any CPU.ActiveCfg = Release|Any CPU
		{CA3F7694-EE42-40F4-950C-5ADA3FBEF72F}.Release|Any CPU.Build.0 = Release|Any CPU
	EndGlobalSection
	GlobalSection(SolutionProperties) = preSolution
		HideSolutionNode = FALSE
	EndGlobalSection
	GlobalSection(ExtensibilityGlobals) = postSolution
		SolutionGuid = {D75D693E-EE29-4B7F-AF5F-02F5690951DA}
	EndGlobalSection
EndGlobal
